
Microsoft Visual Studio Solution File, Format Version 12.00
# Visual Studio Version 17
VisualStudioVersion = 17.10.34916.146
MinimumVisualStudioVersion = 10.0.40219.1
Project("{FAE04EC0-301F-11D3-BF4B-00C04F79EFBC}") = "AffairList", "AffairList\AffairList.csproj", "{D053C8FE-05A7-4278-BEB0-DE687540A303}"
EndProject
Project("{2150E333-8FDC-42A3-9474-1A3956D46DE8}") = "Элементы решения", "Элементы решения", "{754FC069-D67B-A9D7-50A1-8D1CA196D8F1}"
	ProjectSection(SolutionItems) = preProject
		AffairListLogo.ico = AffairListLogo.ico
	EndProjectSection
EndProject
Global
	GlobalSection(SolutionConfigurationPlatforms) = preSolution
		Debug|Any CPU = Debug|Any CPU
		Release|Any CPU = Release|Any CPU
	EndGlobalSection
	GlobalSection(ProjectConfigurationPlatforms) = postSolution
		{D053C8FE-05A7-4278-BEB0-DE687540A303}.Debug|Any CPU.ActiveCfg = Debug|Any CPU
		{D053C8FE-05A7-4278-BEB0-DE687540A303}.Debug|Any CPU.Build.0 = Debug|Any CPU
		{D053C8FE-05A7-4278-BEB0-DE687540A303}.Release|Any CPU.ActiveCfg = Release|Any CPU
		{D053C8FE-05A7-4278-BEB0-DE687540A303}.Release|Any CPU.Build.0 = Release|Any CPU
	EndGlobalSection
	GlobalSection(SolutionProperties) = preSolution
		HideSolutionNode = FALSE
	EndGlobalSection
	GlobalSection(ExtensibilityGlobals) = postSolution
		SolutionGuid = {F8E1706F-B5C8-4653-A6DA-55FBFA5572B7}
	EndGlobalSection
EndGlobal
