<Solution>
  <Folder Name="/Элементы решения/">
    <File Path="AffairListLogo.ico" />
  </Folder>
  <Project Path="AffairList.Core/AffairList.Core.csproj" Id="5e4b5290-0870-49e1-9e5f-9ad540dd4bfc" />
  <Project Path="AffairList.Infrastructure/AffairList.Infrastructure.csproj" Id="91d44b2d-7df7-4dba-89f3-eab2c43da186" />
  <Project Path="AffairList/AffairList.csproj" />
</Solution>
